// !$*UTF8*$!
{
	archiveVersion = 1;
	classes = {
	};
	objectVersion = 48;
	objects = {

/* Begin PBXBuildFile section */
		B928EE061FE999460056118E /* libcrypto.a in Frameworks */ = {isa = PBXBuildFile; fileRef = B928EDEF1FE999460056118E /* libcrypto.a */; };
		B928EE0D1FE999460056118E /* libssl.a in Frameworks */ = {isa = PBXBuildFile; fileRef = B928EDF61FE999460056118E /* libssl.a */; };
		B928F7EE1FE9D4620056118E /* libgsmcodec-arm64-apple-darwin_ios.a in Frameworks */ = {isa = PBXBuildFile; fileRef = B928F7D91FE9D4610056118E /* libgsmcodec-arm64-apple-darwin_ios.a */; };
		B928F7EF1FE9D4620056118E /* libilbccodec-arm64-apple-darwin_ios.a in Frameworks */ = {isa = PBXBuildFile; fileRef = B928F7DA1FE9D4610056118E /* libilbccodec-arm64-apple-darwin_ios.a */; };
		B928F7F01FE9D4620056118E /* libpjlib-util-arm64-apple-darwin_ios.a in Frameworks */ = {isa = PBXBuildFile; fileRef = B928F7DB1FE9D4610056118E /* libpjlib-util-arm64-apple-darwin_ios.a */; };
		B928F7F11FE9D4620056118E /* libpjsua2-arm64-apple-darwin_ios.a in Frameworks */ = {isa = PBXBuildFile; fileRef = B928F7DC1FE9D4610056118E /* libpjsua2-arm64-apple-darwin_ios.a */; };
		B928F7F21FE9D4620056118E /* libspeex-arm64-apple-darwin_ios.a in Frameworks */ = {isa = PBXBuildFile; fileRef = B928F7DD1FE9D4610056118E /* libspeex-arm64-apple-darwin_ios.a */; };
		B928F7F31FE9D4620056118E /* libpjsip-simple-arm64-apple-darwin_ios.a in Frameworks */ = {isa = PBXBuildFile; fileRef = B928F7DE1FE9D4610056118E /* libpjsip-simple-arm64-apple-darwin_ios.a */; };
		B928F7F41FE9D4620056118E /* libpjmedia-audiodev-arm64-apple-darwin_ios.a in Frameworks */ = {isa = PBXBuildFile; fileRef = B928F7DF1FE9D4610056118E /* libpjmedia-audiodev-arm64-apple-darwin_ios.a */; };
		B928F7F51FE9D4620056118E /* libpjsip-ua-arm64-apple-darwin_ios.a in Frameworks */ = {isa = PBXBuildFile; fileRef = B928F7E01FE9D4610056118E /* libpjsip-ua-arm64-apple-darwin_ios.a */; };
		B928F7F61FE9D4620056118E /* libpjmedia-videodev-arm64-apple-darwin_ios.a in Frameworks */ = {isa = PBXBuildFile; fileRef = B928F7E11FE9D4610056118E /* libpjmedia-videodev-arm64-apple-darwin_ios.a */; };
		B928F7F71FE9D4620056118E /* libwebrtc-arm64-apple-darwin_ios.a in Frameworks */ = {isa = PBXBuildFile; fileRef = B928F7E21FE9D4610056118E /* libwebrtc-arm64-apple-darwin_ios.a */; };
		B928F7F81FE9D4620056118E /* libpjmedia-arm64-apple-darwin_ios.a in Frameworks */ = {isa = PBXBuildFile; fileRef = B928F7E31FE9D4620056118E /* libpjmedia-arm64-apple-darwin_ios.a */; };
		B928F7F91FE9D4620056118E /* libpjmedia-codec-arm64-apple-darwin_ios.a in Frameworks */ = {isa = PBXBuildFile; fileRef = B928F7E41FE9D4620056118E /* libpjmedia-codec-arm64-apple-darwin_ios.a */; };
		B928F7FA1FE9D4620056118E /* libpjsip-arm64-apple-darwin_ios.a in Frameworks */ = {isa = PBXBuildFile; fileRef = B928F7E51FE9D4620056118E /* libpjsip-arm64-apple-darwin_ios.a */; };
		B928F7FB1FE9D4620056118E /* libpj-arm64-apple-darwin_ios.a in Frameworks */ = {isa = PBXBuildFile; fileRef = B928F7E61FE9D4620056118E /* libpj-arm64-apple-darwin_ios.a */; };
		B928F7FC1FE9D4620056118E /* libpjsua-arm64-apple-darwin_ios.a in Frameworks */ = {isa = PBXBuildFile; fileRef = B928F7E71FE9D4620056118E /* libpjsua-arm64-apple-darwin_ios.a */; };
		B928F7FD1FE9D4620056118E /* libresample-arm64-apple-darwin_ios.a in Frameworks */ = {isa = PBXBuildFile; fileRef = B928F7E81FE9D4620056118E /* libresample-arm64-apple-darwin_ios.a */; };
		B928F7FE1FE9D4620056118E /* libpjnath-arm64-apple-darwin_ios.a in Frameworks */ = {isa = PBXBuildFile; fileRef = B928F7E91FE9D4620056118E /* libpjnath-arm64-apple-darwin_ios.a */; };
		B928F7FF1FE9D4620056118E /* libg7221codec-arm64-apple-darwin_ios.a in Frameworks */ = {isa = PBXBuildFile; fileRef = B928F7EA1FE9D4620056118E /* libg7221codec-arm64-apple-darwin_ios.a */; };
		B928F8001FE9D4620056118E /* libyuv-arm64-apple-darwin_ios.a in Frameworks */ = {isa = PBXBuildFile; fileRef = B928F7EB1FE9D4620056118E /* libyuv-arm64-apple-darwin_ios.a */; };
		B928F8011FE9D4620056118E /* libpjsdp-arm64-apple-darwin_ios.a in Frameworks */ = {isa = PBXBuildFile; fileRef = B928F7EC1FE9D4620056118E /* libpjsdp-arm64-apple-darwin_ios.a */; };
		B928F8021FE9D4620056118E /* libsrtp-arm64-apple-darwin_ios.a in Frameworks */ = {isa = PBXBuildFile; fileRef = B928F7ED1FE9D4620056118E /* libsrtp-arm64-apple-darwin_ios.a */; };
		B94A28D91FE7532300178838 /* AppDelegate.swift in Sources */ = {isa = PBXBuildFile; fileRef = B94A28D81FE7532300178838 /* AppDelegate.swift */; };
		B94A28DB1FE7532300178838 /* ViewController.swift in Sources */ = {isa = PBXBuildFile; fileRef = B94A28DA1FE7532300178838 /* ViewController.swift */; };
		B94A28DE1FE7532300178838 /* Main.storyboard in Resources */ = {isa = PBXBuildFile; fileRef = B94A28DC1FE7532300178838 /* Main.storyboard */; };
		B94A28E01FE7532300178838 /* Assets.xcassets in Resources */ = {isa = PBXBuildFile; fileRef = B94A28DF1FE7532300178838 /* Assets.xcassets */; };
		B94A28E31FE7532300178838 /* LaunchScreen.storyboard in Resources */ = {isa = PBXBuildFile; fileRef = B94A28E11FE7532300178838 /* LaunchScreen.storyboard */; };
		B9A1A2EF1FE845CD00A02AE5 /* Callbacks.swift in Sources */ = {isa = PBXBuildFile; fileRef = B9A1A2EE1FE845CD00A02AE5 /* Callbacks.swift */; };
		B9A1A2F11FE8883F00A02AE5 /* OutgoingCallViewController.swift in Sources */ = {isa = PBXBuildFile; fileRef = B9A1A2F01FE8883F00A02AE5 /* OutgoingCallViewController.swift */; };
		B9A1A2F31FE8889E00A02AE5 /* IncomingCallViewController.swift in Sources */ = {isa = PBXBuildFile; fileRef = B9A1A2F21FE8889E00A02AE5 /* IncomingCallViewController.swift */; };
		B9A1A34A1FE91AD700A02AE5 /* AVFoundation.framework in Frameworks */ = {isa = PBXBuildFile; fileRef = B94A291F1FE75A3C00178838 /* AVFoundation.framework */; };
/* End PBXBuildFile section */

/* Begin PBXFileReference section */
		B928EDEF1FE999460056118E /* libcrypto.a */ = {isa = PBXFileReference; lastKnownFileType = archive.ar; path = libcrypto.a; sourceTree = "<group>"; };
		B928EDF61FE999460056118E /* libssl.a */ = {isa = PBXFileReference; lastKnownFileType = archive.ar; path = libssl.a; sourceTree = "<group>"; };
		B928F7D91FE9D4610056118E /* libgsmcodec-arm64-apple-darwin_ios.a */ = {isa = PBXFileReference; lastKnownFileType = archive.ar; name = "libgsmcodec-arm64-apple-darwin_ios.a"; path = "pjproject/lib/arm64/libgsmcodec-arm64-apple-darwin_ios.a"; sourceTree = SOURCE_ROOT; };
		B928F7DA1FE9D4610056118E /* libilbccodec-arm64-apple-darwin_ios.a */ = {isa = PBXFileReference; lastKnownFileType = archive.ar; name = "libilbccodec-arm64-apple-darwin_ios.a"; path = "pjproject/lib/arm64/libilbccodec-arm64-apple-darwin_ios.a"; sourceTree = SOURCE_ROOT; };
		B928F7DB1FE9D4610056118E /* libpjlib-util-arm64-apple-darwin_ios.a */ = {isa = PBXFileReference; lastKnownFileType = archive.ar; name = "libpjlib-util-arm64-apple-darwin_ios.a"; path = "pjproject/lib/arm64/libpjlib-util-arm64-apple-darwin_ios.a"; sourceTree = SOURCE_ROOT; };
		B928F7DC1FE9D4610056118E /* libpjsua2-arm64-apple-darwin_ios.a */ = {isa = PBXFileReference; lastKnownFileType = archive.ar; name = "libpjsua2-arm64-apple-darwin_ios.a"; path = "pjproject/lib/arm64/libpjsua2-arm64-apple-darwin_ios.a"; sourceTree = SOURCE_ROOT; };
		B928F7DD1FE9D4610056118E /* libspeex-arm64-apple-darwin_ios.a */ = {isa = PBXFileReference; lastKnownFileType = archive.ar; name = "libspeex-arm64-apple-darwin_ios.a"; path = "pjproject/lib/arm64/libspeex-arm64-apple-darwin_ios.a"; sourceTree = SOURCE_ROOT; };
		B928F7DE1FE9D4610056118E /* libpjsip-simple-arm64-apple-darwin_ios.a */ = {isa = PBXFileReference; lastKnownFileType = archive.ar; name = "libpjsip-simple-arm64-apple-darwin_ios.a"; path = "pjproject/lib/arm64/libpjsip-simple-arm64-apple-darwin_ios.a"; sourceTree = SOURCE_ROOT; };
		B928F7DF1FE9D4610056118E /* libpjmedia-audiodev-arm64-apple-darwin_ios.a */ = {isa = PBXFileReference; lastKnownFileType = archive.ar; name = "libpjmedia-audiodev-arm64-apple-darwin_ios.a"; path = "pjproject/lib/arm64/libpjmedia-audiodev-arm64-apple-darwin_ios.a"; sourceTree = SOURCE_ROOT; };
		B928F7E01FE9D4610056118E /* libpjsip-ua-arm64-apple-darwin_ios.a */ = {isa = PBXFileReference; lastKnownFileType = archive.ar; name = "libpjsip-ua-arm64-apple-darwin_ios.a"; path = "pjproject/lib/arm64/libpjsip-ua-arm64-apple-darwin_ios.a"; sourceTree = SOURCE_ROOT; };
		B928F7E11FE9D4610056118E /* libpjmedia-videodev-arm64-apple-darwin_ios.a */ = {isa = PBXFileReference; lastKnownFileType = archive.ar; name = "libpjmedia-videodev-arm64-apple-darwin_ios.a"; path = "pjproject/lib/arm64/libpjmedia-videodev-arm64-apple-darwin_ios.a"; sourceTree = SOURCE_ROOT; };
		B928F7E21FE9D4610056118E /* libwebrtc-arm64-apple-darwin_ios.a */ = {isa = PBXFileReference; lastKnownFileType = archive.ar; name = "libwebrtc-arm64-apple-darwin_ios.a"; path = "pjproject/lib/arm64/libwebrtc-arm64-apple-darwin_ios.a"; sourceTree = SOURCE_ROOT; };
		B928F7E31FE9D4620056118E /* libpjmedia-arm64-apple-darwin_ios.a */ = {isa = PBXFileReference; lastKnownFileType = archive.ar; name = "libpjmedia-arm64-apple-darwin_ios.a"; path = "pjproject/lib/arm64/libpjmedia-arm64-apple-darwin_ios.a"; sourceTree = SOURCE_ROOT; };
		B928F7E41FE9D4620056118E /* libpjmedia-codec-arm64-apple-darwin_ios.a */ = {isa = PBXFileReference; lastKnownFileType = archive.ar; name = "libpjmedia-codec-arm64-apple-darwin_ios.a"; path = "pjproject/lib/arm64/libpjmedia-codec-arm64-apple-darwin_ios.a"; sourceTree = SOURCE_ROOT; };
		B928F7E51FE9D4620056118E /* libpjsip-arm64-apple-darwin_ios.a */ = {isa = PBXFileReference; lastKnownFileType = archive.ar; name = "libpjsip-arm64-apple-darwin_ios.a"; path = "pjproject/lib/arm64/libpjsip-arm64-apple-darwin_ios.a"; sourceTree = SOURCE_ROOT; };
		B928F7E61FE9D4620056118E /* libpj-arm64-apple-darwin_ios.a */ = {isa = PBXFileReference; lastKnownFileType = archive.ar; name = "libpj-arm64-apple-darwin_ios.a"; path = "pjproject/lib/arm64/libpj-arm64-apple-darwin_ios.a"; sourceTree = SOURCE_ROOT; };
		B928F7E71FE9D4620056118E /* libpjsua-arm64-apple-darwin_ios.a */ = {isa = PBXFileReference; lastKnownFileType = archive.ar; name = "libpjsua-arm64-apple-darwin_ios.a"; path = "pjproject/lib/arm64/libpjsua-arm64-apple-darwin_ios.a"; sourceTree = SOURCE_ROOT; };
		B928F7E81FE9D4620056118E /* libresample-arm64-apple-darwin_ios.a */ = {isa = PBXFileReference; lastKnownFileType = archive.ar; name = "libresample-arm64-apple-darwin_ios.a"; path = "pjproject/lib/arm64/libresample-arm64-apple-darwin_ios.a"; sourceTree = SOURCE_ROOT; };
		B928F7E91FE9D4620056118E /* libpjnath-arm64-apple-darwin_ios.a */ = {isa = PBXFileReference; lastKnownFileType = archive.ar; name = "libpjnath-arm64-apple-darwin_ios.a"; path = "pjproject/lib/arm64/libpjnath-arm64-apple-darwin_ios.a"; sourceTree = SOURCE_ROOT; };
		B928F7EA1FE9D4620056118E /* libg7221codec-arm64-apple-darwin_ios.a */ = {isa = PBXFileReference; lastKnownFileType = archive.ar; name = "libg7221codec-arm64-apple-darwin_ios.a"; path = "pjproject/lib/arm64/libg7221codec-arm64-apple-darwin_ios.a"; sourceTree = SOURCE_ROOT; };
		B928F7EB1FE9D4620056118E /* libyuv-arm64-apple-darwin_ios.a */ = {isa = PBXFileReference; lastKnownFileType = archive.ar; name = "libyuv-arm64-apple-darwin_ios.a"; path = "pjproject/lib/arm64/libyuv-arm64-apple-darwin_ios.a"; sourceTree = SOURCE_ROOT; };
		B928F7EC1FE9D4620056118E /* libpjsdp-arm64-apple-darwin_ios.a */ = {isa = PBXFileReference; lastKnownFileType = archive.ar; name = "libpjsdp-arm64-apple-darwin_ios.a"; path = "pjproject/lib/arm64/libpjsdp-arm64-apple-darwin_ios.a"; sourceTree = SOURCE_ROOT; };
		B928F7ED1FE9D4620056118E /* libsrtp-arm64-apple-darwin_ios.a */ = {isa = PBXFileReference; lastKnownFileType = archive.ar; name = "libsrtp-arm64-apple-darwin_ios.a"; path = "pjproject/lib/arm64/libsrtp-arm64-apple-darwin_ios.a"; sourceTree = SOURCE_ROOT; };
		B94A28D51FE7532300178838 /* SipTest.app */ = {isa = PBXFileReference; explicitFileType = wrapper.application; includeInIndex = 0; path = SipTest.app; sourceTree = BUILT_PRODUCTS_DIR; };
		B94A28D81FE7532300178838 /* AppDelegate.swift */ = {isa = PBXFileReference; lastKnownFileType = sourcecode.swift; path = AppDelegate.swift; sourceTree = "<group>"; };
		B94A28DA1FE7532300178838 /* ViewController.swift */ = {isa = PBXFileReference; lastKnownFileType = sourcecode.swift; path = ViewController.swift; sourceTree = "<group>"; };
		B94A28DD1FE7532300178838 /* Base */ = {isa = PBXFileReference; lastKnownFileType = file.storyboard; name = Base; path = Base.lproj/Main.storyboard; sourceTree = "<group>"; };
		B94A28DF1FE7532300178838 /* Assets.xcassets */ = {isa = PBXFileReference; lastKnownFileType = folder.assetcatalog; path = Assets.xcassets; sourceTree = "<group>"; };
		B94A28E21FE7532300178838 /* Base */ = {isa = PBXFileReference; lastKnownFileType = file.storyboard; name = Base; path = Base.lproj/LaunchScreen.storyboard; sourceTree = "<group>"; };
		B94A28E41FE7532300178838 /* Info.plist */ = {isa = PBXFileReference; lastKnownFileType = text.plist.xml; path = Info.plist; sourceTree = "<group>"; };
		B94A291D1FE75A2F00178838 /* AudioToolbox.framework */ = {isa = PBXFileReference; lastKnownFileType = wrapper.framework; name = AudioToolbox.framework; path = System/Library/Frameworks/AudioToolbox.framework; sourceTree = SDKROOT; };
		B94A291F1FE75A3C00178838 /* AVFoundation.framework */ = {isa = PBXFileReference; lastKnownFileType = wrapper.framework; name = AVFoundation.framework; path = System/Library/Frameworks/AVFoundation.framework; sourceTree = SDKROOT; };
		B9A1A2EB1FE7639500A02AE5 /* SipTest-Bridging-Header.h */ = {isa = PBXFileReference; lastKnownFileType = sourcecode.c.h; path = "SipTest-Bridging-Header.h"; sourceTree = "<group>"; };
		B9A1A2EE1FE845CD00A02AE5 /* Callbacks.swift */ = {isa = PBXFileReference; lastKnownFileType = sourcecode.swift; path = Callbacks.swift; sourceTree = "<group>"; };
		B9A1A2F01FE8883F00A02AE5 /* OutgoingCallViewController.swift */ = {isa = PBXFileReference; lastKnownFileType = sourcecode.swift; path = OutgoingCallViewController.swift; sourceTree = "<group>"; };
		B9A1A2F21FE8889E00A02AE5 /* IncomingCallViewController.swift */ = {isa = PBXFileReference; lastKnownFileType = sourcecode.swift; path = IncomingCallViewController.swift; sourceTree = "<group>"; };
		B9A1A31E1FE9163A00A02AE5 /* Security.framework */ = {isa = PBXFileReference; lastKnownFileType = wrapper.framework; name = Security.framework; path = System/Library/Frameworks/Security.framework; sourceTree = SDKROOT; };
		B9A1A3201FE9164E00A02AE5 /* SystemConfiguration.framework */ = {isa = PBXFileReference; lastKnownFileType = wrapper.framework; name = SystemConfiguration.framework; path = System/Library/Frameworks/SystemConfiguration.framework; sourceTree = SDKROOT; };
/* End PBXFileReference section */

/* Begin PBXFrameworksBuildPhase section */
		B94A28D21FE7532300178838 /* Frameworks */ = {
			isa = PBXFrameworksBuildPhase;
			buildActionMask = 2147483647;
			files = (
				B928EE061FE999460056118E /* libcrypto.a in Frameworks */,
				B928F7F61FE9D4620056118E /* libpjmedia-videodev-arm64-apple-darwin_ios.a in Frameworks */,
				B928F7FF1FE9D4620056118E /* libg7221codec-arm64-apple-darwin_ios.a in Frameworks */,
				B928F7FD1FE9D4620056118E /* libresample-arm64-apple-darwin_ios.a in Frameworks */,
				B928F7F31FE9D4620056118E /* libpjsip-simple-arm64-apple-darwin_ios.a in Frameworks */,
				B928F7F81FE9D4620056118E /* libpjmedia-arm64-apple-darwin_ios.a in Frameworks */,
				B928F7F71FE9D4620056118E /* libwebrtc-arm64-apple-darwin_ios.a in Frameworks */,
				B928F8001FE9D4620056118E /* libyuv-arm64-apple-darwin_ios.a in Frameworks */,
				B928F7F11FE9D4620056118E /* libpjsua2-arm64-apple-darwin_ios.a in Frameworks */,
				B928F7F21FE9D4620056118E /* libspeex-arm64-apple-darwin_ios.a in Frameworks */,
				B928F7F41FE9D4620056118E /* libpjmedia-audiodev-arm64-apple-darwin_ios.a in Frameworks */,
				B928F7EE1FE9D4620056118E /* libgsmcodec-arm64-apple-darwin_ios.a in Frameworks */,
				B9A1A34A1FE91AD700A02AE5 /* AVFoundation.framework in Frameworks */,
				B928F7FE1FE9D4620056118E /* libpjnath-arm64-apple-darwin_ios.a in Frameworks */,
				B928F7F91FE9D4620056118E /* libpjmedia-codec-arm64-apple-darwin_ios.a in Frameworks */,
				B928F8011FE9D4620056118E /* libpjsdp-arm64-apple-darwin_ios.a in Frameworks */,
				B928EE0D1FE999460056118E /* libssl.a in Frameworks */,
				B928F7F01FE9D4620056118E /* libpjlib-util-arm64-apple-darwin_ios.a in Frameworks */,
				B928F8021FE9D4620056118E /* libsrtp-arm64-apple-darwin_ios.a in Frameworks */,
				B928F7FA1FE9D4620056118E /* libpjsip-arm64-apple-darwin_ios.a in Frameworks */,
				B928F7FB1FE9D4620056118E /* libpj-arm64-apple-darwin_ios.a in Frameworks */,
				B928F7EF1FE9D4620056118E /* libilbccodec-arm64-apple-darwin_ios.a in Frameworks */,
				B928F7FC1FE9D4620056118E /* libpjsua-arm64-apple-darwin_ios.a in Frameworks */,
				B928F7F51FE9D4620056118E /* libpjsip-ua-arm64-apple-darwin_ios.a in Frameworks */,
			);
			runOnlyForDeploymentPostprocessing = 0;
		};
/* End PBXFrameworksBuildPhase section */

/* Begin PBXGroup section */
		B94A28CC1FE7532300178838 = {
			isa = PBXGroup;
			children = (
				B94A28D71FE7532300178838 /* SipTest */,
				B94A28EE1FE754CE00178838 /* PJSIP */,
				B94A28D61FE7532300178838 /* Products */,
				B94A291C1FE75A2E00178838 /* Frameworks */,
			);
			sourceTree = "<group>";
		};
		B94A28D61FE7532300178838 /* Products */ = {
			isa = PBXGroup;
			children = (
				B94A28D51FE7532300178838 /* SipTest.app */,
			);
			name = Products;
			sourceTree = "<group>";
		};
		B94A28D71FE7532300178838 /* SipTest */ = {
			isa = PBXGroup;
			children = (
				B94A28D81FE7532300178838 /* AppDelegate.swift */,
				B94A28DA1FE7532300178838 /* ViewController.swift */,
				B94A28DC1FE7532300178838 /* Main.storyboard */,
				B94A28DF1FE7532300178838 /* Assets.xcassets */,
				B94A28E11FE7532300178838 /* LaunchScreen.storyboard */,
				B94A28E41FE7532300178838 /* Info.plist */,
				B9A1A2EB1FE7639500A02AE5 /* SipTest-Bridging-Header.h */,
				B9A1A2EE1FE845CD00A02AE5 /* Callbacks.swift */,
				B9A1A2F01FE8883F00A02AE5 /* OutgoingCallViewController.swift */,
				B9A1A2F21FE8889E00A02AE5 /* IncomingCallViewController.swift */,
			);
			path = SipTest;
			sourceTree = "<group>";
		};
		B94A28EE1FE754CE00178838 /* PJSIP */ = {
			isa = PBXGroup;
			children = (
				B94A28EF1FE754D700178838 /* libs */,
			);
			path = PJSIP;
			sourceTree = "<group>";
		};
		B94A28EF1FE754D700178838 /* libs */ = {
			isa = PBXGroup;
			children = (
				B928F7EA1FE9D4620056118E /* libg7221codec-arm64-apple-darwin_ios.a */,
				B928F7D91FE9D4610056118E /* libgsmcodec-arm64-apple-darwin_ios.a */,
				B928F7DA1FE9D4610056118E /* libilbccodec-arm64-apple-darwin_ios.a */,
				B928F7E61FE9D4620056118E /* libpj-arm64-apple-darwin_ios.a */,
				B928F7DB1FE9D4610056118E /* libpjlib-util-arm64-apple-darwin_ios.a */,
				B928F7E31FE9D4620056118E /* libpjmedia-arm64-apple-darwin_ios.a */,
				B928F7DF1FE9D4610056118E /* libpjmedia-audiodev-arm64-apple-darwin_ios.a */,
				B928F7E41FE9D4620056118E /* libpjmedia-codec-arm64-apple-darwin_ios.a */,
				B928F7E11FE9D4610056118E /* libpjmedia-videodev-arm64-apple-darwin_ios.a */,
				B928F7E91FE9D4620056118E /* libpjnath-arm64-apple-darwin_ios.a */,
				B928F7EC1FE9D4620056118E /* libpjsdp-arm64-apple-darwin_ios.a */,
				B928F7E51FE9D4620056118E /* libpjsip-arm64-apple-darwin_ios.a */,
				B928F7DE1FE9D4610056118E /* libpjsip-simple-arm64-apple-darwin_ios.a */,
				B928F7E01FE9D4610056118E /* libpjsip-ua-arm64-apple-darwin_ios.a */,
				B928F7E71FE9D4620056118E /* libpjsua-arm64-apple-darwin_ios.a */,
				B928F7DC1FE9D4610056118E /* libpjsua2-arm64-apple-darwin_ios.a */,
				B928F7E81FE9D4620056118E /* libresample-arm64-apple-darwin_ios.a */,
				B928F7DD1FE9D4610056118E /* libspeex-arm64-apple-darwin_ios.a */,
				B928F7ED1FE9D4620056118E /* libsrtp-arm64-apple-darwin_ios.a */,
				B928F7E21FE9D4610056118E /* libwebrtc-arm64-apple-darwin_ios.a */,
				B928F7EB1FE9D4620056118E /* libyuv-arm64-apple-darwin_ios.a */,
				B928EDEF1FE999460056118E /* libcrypto.a */,
				B928EDF61FE999460056118E /* libssl.a */,
			);
			path = libs;
			sourceTree = "<group>";
		};
		B94A291C1FE75A2E00178838 /* Frameworks */ = {
			isa = PBXGroup;
			children = (
				B9A1A3201FE9164E00A02AE5 /* SystemConfiguration.framework */,
				B9A1A31E1FE9163A00A02AE5 /* Security.framework */,
				B94A291F1FE75A3C00178838 /* AVFoundation.framework */,
				B94A291D1FE75A2F00178838 /* AudioToolbox.framework */,
			);
			name = Frameworks;
			sourceTree = "<group>";
		};
/* End PBXGroup section */

/* Begin PBXNativeTarget section */
		B94A28D41FE7532300178838 /* SipTest */ = {
			isa = PBXNativeTarget;
			buildConfigurationList = B94A28E71FE7532300178838 /* Build configuration list for PBXNativeTarget "SipTest" */;
			buildPhases = (
				B94A28D11FE7532300178838 /* Sources */,
				B94A28D21FE7532300178838 /* Frameworks */,
				B94A28D31FE7532300178838 /* Resources */,
			);
			buildRules = (
			);
			dependencies = (
			);
			name = SipTest;
			productName = SipTest;
			productReference = B94A28D51FE7532300178838 /* SipTest.app */;
			productType = "com.apple.product-type.application";
		};
/* End PBXNativeTarget section */

/* Begin PBXProject section */
		B94A28CD1FE7532300178838 /* Project object */ = {
			isa = PBXProject;
			attributes = {
				LastSwiftUpdateCheck = 0920;
				LastUpgradeCheck = 0920;
				ORGANIZATIONNAME = "Zhe Cui";
				TargetAttributes = {
					B94A28D41FE7532300178838 = {
						CreatedOnToolsVersion = 9.2;
						LastSwiftMigration = 0920;
						ProvisioningStyle = Automatic;
					};
				};
			};
			buildConfigurationList = B94A28D01FE7532300178838 /* Build configuration list for PBXProject "SipTest" */;
			compatibilityVersion = "Xcode 8.0";
			developmentRegion = en;
			hasScannedForEncodings = 0;
			knownRegions = (
				en,
				Base,
			);
			mainGroup = B94A28CC1FE7532300178838;
			productRefGroup = B94A28D61FE7532300178838 /* Products */;
			projectDirPath = "";
			projectRoot = "";
			targets = (
				B94A28D41FE7532300178838 /* SipTest */,
			);
		};
/* End PBXProject section */

/* Begin PBXResourcesBuildPhase section */
		B94A28D31FE7532300178838 /* Resources */ = {
			isa = PBXResourcesBuildPhase;
			buildActionMask = 2147483647;
			files = (
				B94A28E31FE7532300178838 /* LaunchScreen.storyboard in Resources */,
				B94A28E01FE7532300178838 /* Assets.xcassets in Resources */,
				B94A28DE1FE7532300178838 /* Main.storyboard in Resources */,
			);
			runOnlyForDeploymentPostprocessing = 0;
		};
/* End PBXResourcesBuildPhase section */

/* Begin PBXSourcesBuildPhase section */
		B94A28D11FE7532300178838 /* Sources */ = {
			isa = PBXSourcesBuildPhase;
			buildActionMask = 2147483647;
			files = (
				B9A1A2F11FE8883F00A02AE5 /* OutgoingCallViewController.swift in Sources */,
				B94A28DB1FE7532300178838 /* ViewController.swift in Sources */,
				B94A28D91FE7532300178838 /* AppDelegate.swift in Sources */,
				B9A1A2F31FE8889E00A02AE5 /* IncomingCallViewController.swift in Sources */,
				B9A1A2EF1FE845CD00A02AE5 /* Callbacks.swift in Sources */,
			);
			runOnlyForDeploymentPostprocessing = 0;
		};
/* End PBXSourcesBuildPhase section */

/* Begin PBXVariantGroup section */
		B94A28DC1FE7532300178838 /* Main.storyboard */ = {
			isa = PBXVariantGroup;
			children = (
				B94A28DD1FE7532300178838 /* Base */,
			);
			name = Main.storyboard;
			sourceTree = "<group>";
		};
		B94A28E11FE7532300178838 /* LaunchScreen.storyboard */ = {
			isa = PBXVariantGroup;
			children = (
				B94A28E21FE7532300178838 /* Base */,
			);
			name = LaunchScreen.storyboard;
			sourceTree = "<group>";
		};
/* End PBXVariantGroup section */

/* Begin XCBuildConfiguration section */
		B94A28E51FE7532300178838 /* Debug */ = {
			isa = XCBuildConfiguration;
			buildSettings = {
				ALWAYS_SEARCH_USER_PATHS = NO;
				CLANG_ANALYZER_NONNULL = YES;
				CLANG_ANALYZER_NUMBER_OBJECT_CONVERSION = YES_AGGRESSIVE;
				CLANG_CXX_LANGUAGE_STANDARD = "gnu++14";
				CLANG_CXX_LIBRARY = "libc++";
				CLANG_ENABLE_MODULES = YES;
				CLANG_ENABLE_OBJC_ARC = YES;
				CLANG_WARN_BLOCK_CAPTURE_AUTORELEASING = YES;
				CLANG_WARN_BOOL_CONVERSION = YES;
				CLANG_WARN_COMMA = YES;
				CLANG_WARN_CONSTANT_CONVERSION = YES;
				CLANG_WARN_DIRECT_OBJC_ISA_USAGE = YES_ERROR;
				CLANG_WARN_DOCUMENTATION_COMMENTS = YES;
				CLANG_WARN_EMPTY_BODY = YES;
				CLANG_WARN_ENUM_CONVERSION = YES;
				CLANG_WARN_INFINITE_RECURSION = YES;
				CLANG_WARN_INT_CONVERSION = YES;
				CLANG_WARN_NON_LITERAL_NULL_CONVERSION = YES;
				CLANG_WARN_OBJC_LITERAL_CONVERSION = YES;
				CLANG_WARN_OBJC_ROOT_CLASS = YES_ERROR;
				CLANG_WARN_RANGE_LOOP_ANALYSIS = YES;
				CLANG_WARN_STRICT_PROTOTYPES = YES;
				CLANG_WARN_SUSPICIOUS_MOVE = YES;
				CLANG_WARN_UNGUARDED_AVAILABILITY = YES_AGGRESSIVE;
				CLANG_WARN_UNREACHABLE_CODE = YES;
				CLANG_WARN__DUPLICATE_METHOD_MATCH = YES;
				CODE_SIGN_IDENTITY = "iPhone Developer";
				COPY_PHASE_STRIP = NO;
				DEBUG_INFORMATION_FORMAT = dwarf;
				ENABLE_STRICT_OBJC_MSGSEND = YES;
				ENABLE_TESTABILITY = YES;
				GCC_C_LANGUAGE_STANDARD = gnu11;
				GCC_DYNAMIC_NO_PIC = NO;
				GCC_NO_COMMON_BLOCKS = YES;
				GCC_OPTIMIZATION_LEVEL = 0;
				GCC_PREPROCESSOR_DEFINITIONS = (
					"DEBUG=1",
					"$(inherited)",
				);
				GCC_WARN_64_TO_32_BIT_CONVERSION = YES;
				GCC_WARN_ABOUT_RETURN_TYPE = YES_ERROR;
				GCC_WARN_UNDECLARED_SELECTOR = YES;
				GCC_WARN_UNINITIALIZED_AUTOS = YES_AGGRESSIVE;
				GCC_WARN_UNUSED_FUNCTION = YES;
				GCC_WARN_UNUSED_VARIABLE = YES;
				IPHONEOS_DEPLOYMENT_TARGET = 11.2;
				MTL_ENABLE_DEBUG_INFO = YES;
				ONLY_ACTIVE_ARCH = YES;
				SDKROOT = iphoneos;
				SWIFT_ACTIVE_COMPILATION_CONDITIONS = DEBUG;
				SWIFT_OPTIMIZATION_LEVEL = "-Onone";
			};
			name = Debug;
		};
		B94A28E61FE7532300178838 /* Release */ = {
			isa = XCBuildConfiguration;
			buildSettings = {
				ALWAYS_SEARCH_USER_PATHS = NO;
				CLANG_ANALYZER_NONNULL = YES;
				CLANG_ANALYZER_NUMBER_OBJECT_CONVERSION = YES_AGGRESSIVE;
				CLANG_CXX_LANGUAGE_STANDARD = "gnu++14";
				CLANG_CXX_LIBRARY = "libc++";
				CLANG_ENABLE_MODULES = YES;
				CLANG_ENABLE_OBJC_ARC = YES;
				CLANG_WARN_BLOCK_CAPTURE_AUTORELEASING = YES;
				CLANG_WARN_BOOL_CONVERSION = YES;
				CLANG_WARN_COMMA = YES;
				CLANG_WARN_CONSTANT_CONVERSION = YES;
				CLANG_WARN_DIRECT_OBJC_ISA_USAGE = YES_ERROR;
				CLANG_WARN_DOCUMENTATION_COMMENTS = YES;
				CLANG_WARN_EMPTY_BODY = YES;
				CLANG_WARN_ENUM_CONVERSION = YES;
				CLANG_WARN_INFINITE_RECURSION = YES;
				CLANG_WARN_INT_CONVERSION = YES;
				CLANG_WARN_NON_LITERAL_NULL_CONVERSION = YES;
				CLANG_WARN_OBJC_LITERAL_CONVERSION = YES;
				CLANG_WARN_OBJC_ROOT_CLASS = YES_ERROR;
				CLANG_WARN_RANGE_LOOP_ANALYSIS = YES;
				CLANG_WARN_STRICT_PROTOTYPES = YES;
				CLANG_WARN_SUSPICIOUS_MOVE = YES;
				CLANG_WARN_UNGUARDED_AVAILABILITY = YES_AGGRESSIVE;
				CLANG_WARN_UNREACHABLE_CODE = YES;
				CLANG_WARN__DUPLICATE_METHOD_MATCH = YES;
				CODE_SIGN_IDENTITY = "iPhone Developer";
				COPY_PHASE_STRIP = NO;
				DEBUG_INFORMATION_FORMAT = "dwarf-with-dsym";
				ENABLE_NS_ASSERTIONS = NO;
				ENABLE_STRICT_OBJC_MSGSEND = YES;
				GCC_C_LANGUAGE_STANDARD = gnu11;
				GCC_NO_COMMON_BLOCKS = YES;
				GCC_WARN_64_TO_32_BIT_CONVERSION = YES;
				GCC_WARN_ABOUT_RETURN_TYPE = YES_ERROR;
				GCC_WARN_UNDECLARED_SELECTOR = YES;
				GCC_WARN_UNINITIALIZED_AUTOS = YES_AGGRESSIVE;
				GCC_WARN_UNUSED_FUNCTION = YES;
				GCC_WARN_UNUSED_VARIABLE = YES;
				IPHONEOS_DEPLOYMENT_TARGET = 11.2;
				MTL_ENABLE_DEBUG_INFO = NO;
				SDKROOT = iphoneos;
				SWIFT_OPTIMIZATION_LEVEL = "-Owholemodule";
				VALIDATE_PRODUCT = YES;
			};
			name = Release;
		};
		B94A28E81FE7532300178838 /* Debug */ = {
			isa = XCBuildConfiguration;
			buildSettings = {
				ASSETCATALOG_COMPILER_APPICON_NAME = AppIcon;
				CLANG_ENABLE_MODULES = YES;
				CODE_SIGN_STYLE = Automatic;
				DEVELOPMENT_TEAM = TYA2375JGG;
				ENABLE_BITCODE = NO;
				GCC_PREPROCESSOR_DEFINITIONS = (
					"DEBUG=1",
					"$(inherited)",
					"PJ_AUTOCONF=1",
				);
				HEADER_SEARCH_PATHS = (
					"$(PROJECT_DIR)/pjproject/pjsip/include",
					"$(PROJECT_DIR)/pjproject/pjnath/include",
					"$(PROJECT_DIR)/pjproject/pjmedia/include",
					"$(PROJECT_DIR)/pjproject/pjlib-util/include",
					"$(PROJECT_DIR)/pjproject/pjlib/include",
				);
				INFOPLIST_FILE = SipTest/Info.plist;
				IPHONEOS_DEPLOYMENT_TARGET = 11.0;
				LD_RUNPATH_SEARCH_PATHS = "$(inherited) @executable_path/Frameworks";
				LIBRARY_SEARCH_PATHS = (
					"$(inherited)",
					"$(PROJECT_DIR)/PJSIP/libs",
					"$(PROJECT_DIR)/PJSIP/libs/third_party",
					"$(PROJECT_DIR)/PJSIP/libs/pjmedia",
					"$(PROJECT_DIR)/PJSIP/libs/pjsip",
					"$(PROJECT_DIR)/PJSIP/libs/pjlib",
					"$(PROJECT_DIR)/PJSIP/libs/pjlib-util",
					"$(PROJECT_DIR)/PJSIP/libs/pjnath",
					"$(PROJECT_DIR)/PJSIP/includes/pjmedia/lib",
					"$(PROJECT_DIR)/PJSIP/includes/pjsip/lib",
					"$(PROJECT_DIR)/PJSIP/includes/pjlib/lib",
					"$(PROJECT_DIR)/PJSIP/includes/pjlib-util/lib",
					"$(PROJECT_DIR)/PJSIP/includes/pjnath/lib",
					"$(PROJECT_DIR)/pjproject/lib/arm64",
				);
				ONLY_ACTIVE_ARCH = YES;
				PRODUCT_BUNDLE_IDENTIFIER = com.zhecui.SipTest;
				PRODUCT_NAME = "$(TARGET_NAME)";
				SWIFT_OBJC_BRIDGING_HEADER = "SipTest/SipTest-Bridging-Header.h";
				SWIFT_OPTIMIZATION_LEVEL = "-Onone";
				SWIFT_VERSION = 4.0;
				TARGETED_DEVICE_FAMILY = "1,2";
				VALID_ARCHS = arm64;
			};
			name = Debug;
		};
		B94A28E91FE7532300178838 /* Release */ = {
			isa = XCBuildConfiguration;
			buildSettings = {
				ASSETCATALOG_COMPILER_APPICON_NAME = AppIcon;
				CLANG_ENABLE_MODULES = YES;
				CODE_SIGN_STYLE = Automatic;
				DEVELOPMENT_TEAM = TYA2375JGG;
				ENABLE_BITCODE = NO;
				HEADER_SEARCH_PATHS = (
					"$(PROJECT_DIR)/pjproject/pjsip/include",
					"$(PROJECT_DIR)/pjproject/pjnath/include",
					"$(PROJECT_DIR)/pjproject/pjmedia/include",
					"$(PROJECT_DIR)/pjproject/pjlib-util/include",
					"$(PROJECT_DIR)/pjproject/pjlib/include",
				);
				INFOPLIST_FILE = SipTest/Info.plist;
				IPHONEOS_DEPLOYMENT_TARGET = 11.0;
				LD_RUNPATH_SEARCH_PATHS = "$(inherited) @executable_path/Frameworks";
				LIBRARY_SEARCH_PATHS = (
					"$(inherited)",
					"$(PROJECT_DIR)/PJSIP/libs",
					"$(PROJECT_DIR)/PJSIP/libs/third_party",
					"$(PROJECT_DIR)/PJSIP/libs/pjmedia",
					"$(PROJECT_DIR)/PJSIP/libs/pjsip",
					"$(PROJECT_DIR)/PJSIP/libs/pjlib",
					"$(PROJECT_DIR)/PJSIP/libs/pjlib-util",
					"$(PROJECT_DIR)/PJSIP/libs/pjnath",
					"$(PROJECT_DIR)/PJSIP/includes/pjmedia/lib",
					"$(PROJECT_DIR)/PJSIP/includes/pjsip/lib",
					"$(PROJECT_DIR)/PJSIP/includes/pjlib/lib",
					"$(PROJECT_DIR)/PJSIP/includes/pjlib-util/lib",
					"$(PROJECT_DIR)/PJSIP/includes/pjnath/lib",
					"$(PROJECT_DIR)/pjproject/lib/arm64",
				);
				PRODUCT_BUNDLE_IDENTIFIER = com.zhecui.SipTest;
				PRODUCT_NAME = "$(TARGET_NAME)";
				SWIFT_OBJC_BRIDGING_HEADER = "SipTest/SipTest-Bridging-Header.h";
				SWIFT_VERSION = 4.0;
				TARGETED_DEVICE_FAMILY = "1,2";
				VALID_ARCHS = arm64;
			};
			name = Release;
		};
/* End XCBuildConfiguration section */

/* Begin XCConfigurationList section */
		B94A28D01FE7532300178838 /* Build configuration list for PBXProject "SipTest" */ = {
			isa = XCConfigurationList;
			buildConfigurations = (
				B94A28E51FE7532300178838 /* Debug */,
				B94A28E61FE7532300178838 /* Release */,
			);
			defaultConfigurationIsVisible = 0;
			defaultConfigurationName = Release;
		};
		B94A28E71FE7532300178838 /* Build configuration list for PBXNativeTarget "SipTest" */ = {
			isa = XCConfigurationList;
			buildConfigurations = (
				B94A28E81FE7532300178838 /* Debug */,
				B94A28E91FE7532300178838 /* Release */,
			);
			defaultConfigurationIsVisible = 0;
			defaultConfigurationName = Release;
		};
/* End XCConfigurationList section */
	};
	rootObject = B94A28CD1FE7532300178838 /* Project object */;
}
